
Microsoft Visual Studio Solution File, Format Version 12.00
# Visual Studio Version 17
VisualStudioVersion = 17.5.2.0
MinimumVisualStudioVersion = 10.0.40219.1
Project("{FAE04EC0-301F-11D3-BF4B-00C04F79EFBC}") = "exercíciosdogemini", "exercíciosdogemini.csproj", "{8244DE06-92F4-0302-E064-11FD2DCB3A43}"
EndProject
Global
	GlobalSection(SolutionConfigurationPlatforms) = preSolution
		Debug|Any CPU = Debug|Any CPU
		Release|Any CPU = Release|Any CPU
	EndGlobalSection
	GlobalSection(ProjectConfigurationPlatforms) = postSolution
		{8244DE06-92F4-0302-E064-11FD2DCB3A43}.Debug|Any CPU.ActiveCfg = Debug|Any CPU
		{8244DE06-92F4-0302-E064-11FD2DCB3A43}.Debug|Any CPU.Build.0 = Debug|Any CPU
		{8244DE06-92F4-0302-E064-11FD2DCB3A43}.Release|Any CPU.ActiveCfg = Release|Any CPU
		{8244DE06-92F4-0302-E064-11FD2DCB3A43}.Release|Any CPU.Build.0 = Release|Any CPU
	EndGlobalSection
	GlobalSection(SolutionProperties) = preSolution
		HideSolutionNode = FALSE
	EndGlobalSection
	GlobalSection(ExtensibilityGlobals) = postSolution
		SolutionGuid = {972CDF87-CF9D-45E7-AFB1-31CD15668901}
	EndGlobalSection
EndGlobal
